{
	"name": "benchmarks",
	"lockfileVersion": 3,
	"requires": true,
	"packages": {
		"": {
			"name": "benchmarks",
			"license": "MIT",
			"dependencies": {
				"@lastolivegames/becsy": "^0.15.5",
				"bitecs": "^0.3.40",
				"ecsy": "^0.4.3",
				"koota": "^0.4.1"
			}
		},
		"node_modules/@lastolivegames/becsy": {
			"version": "0.15.5",
			"resolved": "https://registry.npmjs.org/@lastolivegames/becsy/-/becsy-0.15.5.tgz",
			"integrity": "sha512-RZEL52er3eH+zpczz2xPyVIxVId+tx0pfTRxYjvE4Vi14plgHzqX7q+4TTJvJDmaxR9pdVjGwFnrY0Oe23fN7Q==",
			"license": "MIT",
			"engines": {
				"node": ">=12"
			}
		},
		"node_modules/bitecs": {
			"version": "0.3.40",
			"resolved": "https://registry.npmjs.org/bitecs/-/bitecs-0.3.40.tgz",
			"integrity": "sha512-wAylY4pNfX8IeIH5phtwt1lUNtHKrkoSNrArI7Ris2Y4nEQWFIVvXdgAuqprEg9bq8Wolmlj0gVfeG6MFmtI2Q==",
			"license": "MPL-2.0"
		},
		"node_modules/ecsy": {
			"version": "0.4.3",
			"resolved": "https://registry.npmjs.org/ecsy/-/ecsy-0.4.3.tgz",
			"integrity": "sha512-wJWiIIUosxS17S/a2DZGR/jD6Kwm7OKJv/cSe7NIbPLZHdmNo6O7aFVDGqVK24MA3a5+AJOWbREL+4GFYQEmGQ==",
			"license": "MIT"
		},
		"node_modules/koota": {
			"version": "0.4.1",
			"resolved": "https://registry.npmjs.org/koota/-/koota-0.4.1.tgz",
			"integrity": "sha512-cdhuK04tvh0KLsRnPoloX7+UPs1hQ9BVNGeK4N6zlYP0mcj5tZV4L21TEBT5KZ3NXzujxvY9jl+JiAfdhIESJw==",
			"license": "ISC",
			"peerDependencies": {
				"@types/react": ">=18.0.0",
				"react": ">=18.0.0"
			},
			"peerDependenciesMeta": {
				"@types/react": {
					"optional": true
				},
				"react": {
					"optional": true
				}
			}
		}
	}
}
